
Microsoft Visual Studio Solution File, Format Version 12.00
# Visual Studio Version 17
VisualStudioVersion = 17.3.32819.101
MinimumVisualStudioVersion = 10.0.40219.1
Project("{9A19103F-16F7-4668-BE54-9A1E7A4F7556}") = "Retaline.Web", "Retaline.Web.csproj", "{54F6A490-7B81-49D4-BC1C-F9264DD745FB}"
EndProject
Project("{9A19103F-16F7-4668-BE54-9A1E7A4F7556}") = "Retaline.Web.Selenium.Tests", "..\Retaline.Web.Selenium.Tests\Retaline.Web.Selenium.Tests.csproj", "{C6B65017-1452-44D7-BB45-93E12588E6E7}"
EndProject
Project("{9A19103F-16F7-4668-BE54-9A1E7A4F7556}") = "Retaline.Core", "..\Retaline.Core\Retaline.Core.csproj", "{2CC96191-A6BD-44BE-9898-3FDFD6506219}"
EndProject
Global
	GlobalSection(SolutionConfigurationPlatforms) = preSolution
		Debug|Any CPU = Debug|Any CPU
		Release|Any CPU = Release|Any CPU
	EndGlobalSection
	GlobalSection(ProjectConfigurationPlatforms) = postSolution
		{54F6A490-7B81-49D4-BC1C-F9264DD745FB}.Debug|Any CPU.ActiveCfg = Debug|Any CPU
		{54F6A490-7B81-49D4-BC1C-F9264DD745FB}.Debug|Any CPU.Build.0 = Debug|Any CPU
		{54F6A490-7B81-49D4-BC1C-F9264DD745FB}.Release|Any CPU.ActiveCfg = Release|Any CPU
		{54F6A490-7B81-49D4-BC1C-F9264DD745FB}.Release|Any CPU.Build.0 = Release|Any CPU
		{C6B65017-1452-44D7-BB45-93E12588E6E7}.Debug|Any CPU.ActiveCfg = Debug|Any CPU
		{C6B65017-1452-44D7-BB45-93E12588E6E7}.Debug|Any CPU.Build.0 = Debug|Any CPU
		{C6B65017-1452-44D7-BB45-93E12588E6E7}.Release|Any CPU.ActiveCfg = Release|Any CPU
		{C6B65017-1452-44D7-BB45-93E12588E6E7}.Release|Any CPU.Build.0 = Release|Any CPU
		{2CC96191-A6BD-44BE-9898-3FDFD6506219}.Debug|Any CPU.ActiveCfg = Debug|Any CPU
		{2CC96191-A6BD-44BE-9898-3FDFD6506219}.Debug|Any CPU.Build.0 = Debug|Any CPU
		{2CC96191-A6BD-44BE-9898-3FDFD6506219}.Release|Any CPU.ActiveCfg = Release|Any CPU
		{2CC96191-A6BD-44BE-9898-3FDFD6506219}.Release|Any CPU.Build.0 = Release|Any CPU
	EndGlobalSection
	GlobalSection(SolutionProperties) = preSolution
		HideSolutionNode = FALSE
	EndGlobalSection
	GlobalSection(ExtensibilityGlobals) = postSolution
		SolutionGuid = {3270A7EA-7E54-4AC9-9572-D2E64EECB201}
	EndGlobalSection
EndGlobal
